Microsoft Visual Studio Solution File, Format Version 12.00
# Visual Studio 15
VisualStudioVersion = 15.0.26124.0
MinimumVisualStudioVersion = 15.0.26124.0
Project("{2150E333-8FDC-42A3-9474-1A3956D46DE8}") = "src", "src", "{E1DE3A07-A2FC-4E60-95CD-294130CE847C}"
EndProject
Project("{9A19103F-16F7-4668-BE54-9A1E7A4F7556}") = "ByteBit.RainbowConsole", "src\ByteBit.RainbowConsole\ByteBit.RainbowConsole.csproj", "{BFAC4687-F779-49D6-8F7B-6AED74847EDF}"
EndProject
Project("{2150E333-8FDC-42A3-9474-1A3956D46DE8}") = "tests", "tests", "{8BC4DC07-46D7-403C-860E-E180E1197737}"
EndProject
Project("{9A19103F-16F7-4668-BE54-9A1E7A4F7556}") = "ByteBit.RainbowConsoleTest", "tests\ByteBit.RainbowConsoleTest\ByteBit.RainbowConsoleTest.csproj", "{27955763-11E6-4FC8-AE92-1E0653C86684}"
EndProject
Global
	GlobalSection(SolutionConfigurationPlatforms) = preSolution
		Debug|Any CPU = Debug|Any CPU
		Debug|x64 = Debug|x64
		Debug|x86 = Debug|x86
		Release|Any CPU = Release|Any CPU
		Release|x64 = Release|x64
		Release|x86 = Release|x86
	EndGlobalSection
	GlobalSection(ProjectConfigurationPlatforms) = postSolution
		{BFAC4687-F779-49D6-8F7B-6AED74847EDF}.Debug|Any CPU.ActiveCfg = Debug|Any CPU
		{BFAC4687-F779-49D6-8F7B-6AED74847EDF}.Debug|Any CPU.Build.0 = Debug|Any CPU
		{BFAC4687-F779-49D6-8F7B-6AED74847EDF}.Debug|x64.ActiveCfg = Debug|Any CPU
		{BFAC4687-F779-49D6-8F7B-6AED74847EDF}.Debug|x64.Build.0 = Debug|Any CPU
		{BFAC4687-F779-49D6-8F7B-6AED74847EDF}.Debug|x86.ActiveCfg = Debug|Any CPU
		{BFAC4687-F779-49D6-8F7B-6AED74847EDF}.Debug|x86.Build.0 = Debug|Any CPU
		{BFAC4687-F779-49D6-8F7B-6AED74847EDF}.Release|Any CPU.ActiveCfg = Release|Any CPU
		{BFAC4687-F779-49D6-8F7B-6AED74847EDF}.Release|Any CPU.Build.0 = Release|Any CPU
		{BFAC4687-F779-49D6-8F7B-6AED74847EDF}.Release|x64.ActiveCfg = Release|Any CPU
		{BFAC4687-F779-49D6-8F7B-6AED74847EDF}.Release|x64.Build.0 = Release|Any CPU
		{BFAC4687-F779-49D6-8F7B-6AED74847EDF}.Release|x86.ActiveCfg = Release|Any CPU
		{BFAC4687-F779-49D6-8F7B-6AED74847EDF}.Release|x86.Build.0 = Release|Any CPU
		{27955763-11E6-4FC8-AE92-1E0653C86684}.Debug|Any CPU.ActiveCfg = Debug|Any CPU
		{27955763-11E6-4FC8-AE92-1E0653C86684}.Debug|Any CPU.Build.0 = Debug|Any CPU
		{27955763-11E6-4FC8-AE92-1E0653C86684}.Debug|x64.ActiveCfg = Debug|Any CPU
		{27955763-11E6-4FC8-AE92-1E0653C86684}.Debug|x64.Build.0 = Debug|Any CPU
		{27955763-11E6-4FC8-AE92-1E0653C86684}.Debug|x86.ActiveCfg = Debug|Any CPU
		{27955763-11E6-4FC8-AE92-1E0653C86684}.Debug|x86.Build.0 = Debug|Any CPU
		{27955763-11E6-4FC8-AE92-1E0653C86684}.Release|Any CPU.ActiveCfg = Release|Any CPU
		{27955763-11E6-4FC8-AE92-1E0653C86684}.Release|Any CPU.Build.0 = Release|Any CPU
		{27955763-11E6-4FC8-AE92-1E0653C86684}.Release|x64.ActiveCfg = Release|Any CPU
		{27955763-11E6-4FC8-AE92-1E0653C86684}.Release|x64.Build.0 = Release|Any CPU
		{27955763-11E6-4FC8-AE92-1E0653C86684}.Release|x86.ActiveCfg = Release|Any CPU
		{27955763-11E6-4FC8-AE92-1E0653C86684}.Release|x86.Build.0 = Release|Any CPU
	EndGlobalSection
	GlobalSection(SolutionProperties) = preSolution
		HideSolutionNode = FALSE
	EndGlobalSection
	GlobalSection(NestedProjects) = preSolution
		{BFAC4687-F779-49D6-8F7B-6AED74847EDF} = {E1DE3A07-A2FC-4E60-95CD-294130CE847C}
		{27955763-11E6-4FC8-AE92-1E0653C86684} = {8BC4DC07-46D7-403C-860E-E180E1197737}
	EndGlobalSection
	GlobalSection(ExtensibilityGlobals) = postSolution
		SolutionGuid = {85AC199D-2D5D-43A5-AF30-92187A1F3C0F}
	EndGlobalSection
EndGlobal
